<?xml version="1.0" encoding="utf-8"?>
<Project ToolsVersion="4.0" xmlns="http://schemas.microsoft.com/developer/msbuild/2003">
  <ItemGroup>
    <Filter Include="源文件">
      <UniqueIdentifier>{4FC737F1-C7A5-4376-A066-2A32D752A2FF}</UniqueIdentifier>
      <Extensions>cpp;c;cc;cxx;def;odl;idl;hpj;bat;asm;asmx</Extensions>
    </Filter>
    <Filter Include="头文件">
      <UniqueIdentifier>{93995380-89BD-4b04-88EB-625FBE52EBFB}</UniqueIdentifier>
      <Extensions>h;hh;hpp;hxx;hm;inl;inc;ipp;xsd</Extensions>
    </Filter>
    <Filter Include="资源文件">
      <UniqueIdentifier>{67DA6AB6-F800-4c08-8B7A-83BB121AAD01}</UniqueIdentifier>
      <Extensions>rc;ico;cur;bmp;dlg;rc2;rct;bin;rgs;gif;jpg;jpeg;jpe;resx;tiff;tif;png;wav;mfcribbon-ms</Extensions>
    </Filter>
    <Filter Include="Core">
      <UniqueIdentifier>{2f23559a-a76c-46c3-a9df-b76c7c371475}</UniqueIdentifier>
    </Filter>
    <Filter Include="EngineApp">
      <UniqueIdentifier>{67ebf116-5987-49fc-bae6-d20f452845bd}</UniqueIdentifier>
    </Filter>
    <Filter Include="Scene">
      <UniqueIdentifier>{2f1cd199-ec06-463a-84b9-db4f5d9c1d8e}</UniqueIdentifier>
    </Filter>
    <Filter Include="Camera">
      <UniqueIdentifier>{8d9c0fb2-db6a-4364-9089-392ca69ba949}</UniqueIdentifier>
    </Filter>
  </ItemGroup>
  <ItemGroup>
    <ClCompile Include="CoreEngine.cpp">
      <Filter>Core</Filter>
    </ClCompile>
    <ClCompile Include="CoreDraw.cpp">
      <Filter>源文件</Filter>
    </ClCompile>
    <ClCompile Include="TNYEngine.cpp">
      <Filter>头文件</Filter>
    </ClCompile>
    <ClCompile Include="TNYMesh.cpp">
      <Filter>源文件</Filter>
    </ClCompile>
    <ClCompile Include="PLXFileLoader.cpp">
      <Filter>源文件</Filter>
    </ClCompile>
    <ClCompile Include="global.cpp">
      <Filter>头文件</Filter>
    </ClCompile>
    <ClCompile Include="TNYMATH.cpp">
      <Filter>头文件</Filter>
    </ClCompile>
    <ClCompile Include="CAM4DV1.cpp">
      <Filter>Camera</Filter>
    </ClCompile>
    <ClCompile Include="TNYScene.cpp">
      <Filter>Scene</Filter>
    </ClCompile>
  </ItemGroup>
  <ItemGroup>
    <ClInclude Include="CoreEngine.h">
      <Filter>Core</Filter>
    </ClInclude>
    <ClInclude Include="utils.h">
      <Filter>头文件</Filter>
    </ClInclude>
    <ClInclude Include="CoreDraw.h">
      <Filter>头文件</Filter>
    </ClInclude>
    <ClInclude Include="TNYEngine.h">
      <Filter>头文件</Filter>
    </ClInclude>
    <ClInclude Include="TNYMesh.h">
      <Filter>头文件</Filter>
    </ClInclude>
    <ClInclude Include="TNYMATH.h">
      <Filter>头文件</Filter>
    </ClInclude>
    <ClInclude Include="PLXFileLoader.h">
      <Filter>头文件</Filter>
    </ClInclude>
    <ClInclude Include="global.h">
      <Filter>头文件</Filter>
    </ClInclude>
    <ClInclude Include="CAM4DV1.h">
      <Filter>Camera</Filter>
    </ClInclude>
    <ClInclude Include="TNYScene.h">
      <Filter>Scene</Filter>
    </ClInclude>
  </ItemGroup>
</Project>